
Microsoft Visual Studio Solution File, Format Version 12.00
# Visual Studio 14
VisualStudioVersion = 14.0.25123.0
MinimumVisualStudioVersion = 10.0.40219.1
Project("{FAE04EC0-301F-11D3-BF4B-00C04F79EFBC}") = "Watch List", "Watch List\Watch List.csproj", "{23BABBC9-9D36-4B3D-8E33-92757ABFD09F}"
EndProject
Project("{54435603-DBB4-11D2-8724-00A0C9A8B90C}") = "MyWatchList", "MyWatchList\MyWatchList.vdproj", "{70B645DC-B961-4F4D-B44E-B0D5B60A304D}"
EndProject
Global
	GlobalSection(SolutionConfigurationPlatforms) = preSolution
		Debug|Any CPU = Debug|Any CPU
		Debug|x86 = Debug|x86
		Release|Any CPU = Release|Any CPU
		Release|x86 = Release|x86
	EndGlobalSection
	GlobalSection(ProjectConfigurationPlatforms) = postSolution
		{23BABBC9-9D36-4B3D-8E33-92757ABFD09F}.Debug|Any CPU.ActiveCfg = Debug|Any CPU
		{23BABBC9-9D36-4B3D-8E33-92757ABFD09F}.Debug|Any CPU.Build.0 = Debug|Any CPU
		{23BABBC9-9D36-4B3D-8E33-92757ABFD09F}.Debug|x86.ActiveCfg = Debug|x86
		{23BABBC9-9D36-4B3D-8E33-92757ABFD09F}.Debug|x86.Build.0 = Debug|x86
		{23BABBC9-9D36-4B3D-8E33-92757ABFD09F}.Release|Any CPU.ActiveCfg = Release|Any CPU
		{23BABBC9-9D36-4B3D-8E33-92757ABFD09F}.Release|Any CPU.Build.0 = Release|Any CPU
		{23BABBC9-9D36-4B3D-8E33-92757ABFD09F}.Release|x86.ActiveCfg = Release|x86
		{23BABBC9-9D36-4B3D-8E33-92757ABFD09F}.Release|x86.Build.0 = Release|x86
		{70B645DC-B961-4F4D-B44E-B0D5B60A304D}.Debug|Any CPU.ActiveCfg = Debug
		{70B645DC-B961-4F4D-B44E-B0D5B60A304D}.Debug|x86.ActiveCfg = Debug
		{70B645DC-B961-4F4D-B44E-B0D5B60A304D}.Release|Any CPU.ActiveCfg = Release
		{70B645DC-B961-4F4D-B44E-B0D5B60A304D}.Release|x86.ActiveCfg = Release
	EndGlobalSection
	GlobalSection(SolutionProperties) = preSolution
		HideSolutionNode = FALSE
	EndGlobalSection
EndGlobal
